github.com/Codefor/geohash v0.0.0-20140723084247-1b41c28e3a9d h1:iG9B49Q218F/XxXNRM7k/vWf7MKmLIS8AcJV9cGN4nA=
github.com/Codefor/geohash v0.0.0-20140723084247-1b41c28e3a9d/go.mod h1:RVnhzAX71far8Kc3TQeA0k/dcaEKUnTDSOyet/JCmGI=
github.com/TomiHiltunen/geohash-golang v0.0.0-20150112065804-b3e4e625abfb h1:wumPkzt4zaxO4rHPBrjDK8iZMR41C1qs7njNqlacwQg=
github.com/TomiHiltunen/geohash-golang v0.0.0-20150112065804-b3e4e625abfb/go.mod h1:QiYsIBRQEO+Z4Rz7GoI+dsHVneZNONvhczuA+llOZNM=
github.com/aclements/go-moremath v0.0.0-20210112150236-f10218a38794 h1:xlwdaKcTNVW4PtpQb8aKA4Pjy0CdJHEqvFbAnvR5m2g=
github.com/aclements/go-moremath v0.0.0-20210112150236-f10218a38794/go.mod h1:7e+I0LQFUI9AXWxOfsQROs9xPhoJtbsyWcjJqDd4KPY=
github.com/broady/gogeohash v0.0.0-20120525094510-7b2c40d64042 h1:iEdmkrNMLXbM7ecffOAtZJQOQUTE4iMonxrb5opUgE4=
github.com/broady/gogeohash v0.0.0-20120525094510-7b2c40d64042/go.mod h1:f1L9YvXvlt9JTa+A17trQjSMM6bV40f+tHjB+Pi+Fqk=
github.com/bsm/geohashi v2.0.0+incompatible h1:Dz8R/t3WSrLNQoodhFVJ/ii3L/ORRnla0NDcceleLVs=
github.com/bsm/geohashi v2.0.0+incompatible/go.mod h1:mDn/LGsaMOb6pCK74P4Juhrm2uMExYq9rr+eqwXDP/k=
github.com/corsc/go-geohash v0.0.0-20150929050942-bd24b4b67a1e h1:pw474Cm6dZmjyVkz7els0Yg5uGbnG1iuxHL20lXJRBU=
github.com/corsc/go-geohash v0.0.0-20150929050942-bd24b4b67a1e/go.mod h1:Cdu8xEVRAUtiz//3z4Bv9t70AimoKPAU046LMVQk87s=
github.com/ezzkoram/geohash v0.0.0-20160326205757-947f0396d2c8 h1:TlwNDBPYbNDp/AfOflLqkkCN5RA6imS+0eOnlrBZWmE=
github.com/ezzkoram/geohash v0.0.0-20160326205757-947f0396d2c8/go.mod h1:AfLfhm25ilGL63BJY5+/ax8Ymc8S3hk3nttxziDVU08=
github.com/fanixk/geohash v0.0.0-20150324002647-c1f9b5fa157a h1:Fyfh/dsHFrC6nkX7H7+nFdTd1wROlX/FxEIWVpKYf1U=
github.com/fanixk/geohash v0.0.0-20150324002647-c1f9b5fa157a/go.mod h1:UgNw+PTmmGN8rV7RvjvnBMsoTU8ZXXnaT3hYsDTBlgQ=
github.com/gansidui/geohash v0.0.0-20141019080235-ebe5ba447f34 h1:v8OKndw+abloncjnDIoy/qHsyRWXCnTUw7Tc9emhbEg=
github.com/gansidui/geohash v0.0.0-20141019080235-ebe5ba447f34/go.mod h1:/Mg9STHVPYcABQdI1MQrFY4ngaOwGeIwOypwEtWNQgY=
github.com/mmcloughlin/geohash v0.10.0 h1:9w1HchfDfdeLc+jFEf/04D27KP7E2QmpDu52wPbJWRE=
github.com/mmcloughlin/geohash v0.10.0/go.mod h1:oNZxQo5yWJh0eMQEP/8hwQuVx9Z9tjwFUqcTB1SmG0c=
github.com/pierrre/geohash v1.1.2 h1:UvIJTJHOhtBxn0QZhqeKRln6lirxxznAff1S06BZx3w=
github.com/pierrre/geohash v1.1.2/go.mod h1:ACW6wOs9Ha9laaU33CGel2y46hJkRjZY7uFGXeVnwDo=
golang.org/x/perf v0.0.0-20241118162539-34caac850176 h1:NFfUBfqvlvLSDan5rqxqE77VcniymZufPPzO0klwbRA=
golang.org/x/perf v0.0.0-20241118162539-34caac850176/go.mod h1:twGvIOdXkc0CPVwbPVQUi4ofdUhWfs3dh7G8BUr9dDw=
